
Microsoft Visual Studio Solution File, Format Version 12.00
# Visual Studio Version 16
VisualStudioVersion = 16.6.30114.105
MinimumVisualStudioVersion = 10.0.40219.1
Project("{2150E333-8FDC-42A3-9474-1A3956D46DE8}") = "_Dependencies", "_Dependencies", "{E7EC4B1E-6AB8-42FE-BC4F-FDA6A6B49CF0}"
EndProject
Project("{9A19103F-16F7-4668-BE54-9A1E7A4F7556}") = "R5T.D0093.Base", "R5T.D0093.Base\R5T.D0093.Base.csproj", "{4F3522DF-E6DB-4B69-B1B5-91D42692F3EF}"
EndProject
Project("{9A19103F-16F7-4668-BE54-9A1E7A4F7556}") = "R5T.Magyar", "..\..\R5T.Magyar\source\R5T.Magyar\R5T.Magyar.csproj", "{1400D999-1E63-45B3-BA04-E526C48ACF80}"
EndProject
Project("{9A19103F-16F7-4668-BE54-9A1E7A4F7556}") = "R5T.D0093.I001", "R5T.D0093.I001\R5T.D0093.I001.csproj", "{54358FD8-B77D-464A-996A-D1200FA87096}"
EndProject
Project("{9A19103F-16F7-4668-BE54-9A1E7A4F7556}") = "R5T.T0062.X001", "..\..\R5T.T0062\source\R5T.T0062.X001\R5T.T0062.X001.csproj", "{8A6648ED-684D-4D28-ABE6-DBF9E809E4B6}"
EndProject
Project("{9A19103F-16F7-4668-BE54-9A1E7A4F7556}") = "R5T.T0064", "..\..\R5T.T0064\source\R5T.T0064\R5T.T0064.csproj", "{F3023D84-B650-472E-BD0C-C6799D01A1DA}"
EndProject
Project("{9A19103F-16F7-4668-BE54-9A1E7A4F7556}") = "R5T.D0093.I002", "R5T.D0093.I002\R5T.D0093.I002.csproj", "{7EE18FCD-BAAA-4B95-8956-D71284820CA5}"
EndProject
Project("{9A19103F-16F7-4668-BE54-9A1E7A4F7556}") = "R5T.D0081.Base", "..\..\R5T.D0081\source\R5T.D0081.Base\R5T.D0081.Base.csproj", "{1817482F-2A2A-4F2F-93F1-BD33387DA241}"
EndProject
Project("{9A19103F-16F7-4668-BE54-9A1E7A4F7556}") = "R5T.T0063", "..\..\R5T.T0063\source\R5T.T0063\R5T.T0063.csproj", "{587E632D-7071-4D3D-AB81-667F1B2C1062}"
EndProject
Project("{9A19103F-16F7-4668-BE54-9A1E7A4F7556}") = "R5T.L0013", "..\..\R5T.L0013\source\R5T.L0013\R5T.L0013.csproj", "{A1279732-EA29-48CD-9B48-5219D8BD55F0}"
EndProject
Project("{9A19103F-16F7-4668-BE54-9A1E7A4F7556}") = "R5T.T0062", "..\..\R5T.T0062\source\R5T.T0062\R5T.T0062.csproj", "{BFD16879-9C00-4CF4-A24D-C6779AED02DD}"
EndProject
Project("{9A19103F-16F7-4668-BE54-9A1E7A4F7556}") = "R5T.T0039.T002", "..\..\R5T.T0039\source\R5T.T0039.T002\R5T.T0039.T002.csproj", "{45CC2119-9D53-4C13-B6F9-48A188EE04BA}"
EndProject
Global
	GlobalSection(SolutionConfigurationPlatforms) = preSolution
		Debug|Any CPU = Debug|Any CPU
		Debug|x64 = Debug|x64
		Debug|x86 = Debug|x86
		Release|Any CPU = Release|Any CPU
		Release|x64 = Release|x64
		Release|x86 = Release|x86
	EndGlobalSection
	GlobalSection(ProjectConfigurationPlatforms) = postSolution
		{4F3522DF-E6DB-4B69-B1B5-91D42692F3EF}.Debug|Any CPU.ActiveCfg = Debug|Any CPU
		{4F3522DF-E6DB-4B69-B1B5-91D42692F3EF}.Debug|Any CPU.Build.0 = Debug|Any CPU
		{4F3522DF-E6DB-4B69-B1B5-91D42692F3EF}.Debug|x64.ActiveCfg = Debug|Any CPU
		{4F3522DF-E6DB-4B69-B1B5-91D42692F3EF}.Debug|x64.Build.0 = Debug|Any CPU
		{4F3522DF-E6DB-4B69-B1B5-91D42692F3EF}.Debug|x86.ActiveCfg = Debug|Any CPU
		{4F3522DF-E6DB-4B69-B1B5-91D42692F3EF}.Debug|x86.Build.0 = Debug|Any CPU
		{4F3522DF-E6DB-4B69-B1B5-91D42692F3EF}.Release|Any CPU.ActiveCfg = Release|Any CPU
		{4F3522DF-E6DB-4B69-B1B5-91D42692F3EF}.Release|Any CPU.Build.0 = Release|Any CPU
		{4F3522DF-E6DB-4B69-B1B5-91D42692F3EF}.Release|x64.ActiveCfg = Release|Any CPU
		{4F3522DF-E6DB-4B69-B1B5-91D42692F3EF}.Release|x64.Build.0 = Release|Any CPU
		{4F3522DF-E6DB-4B69-B1B5-91D42692F3EF}.Release|x86.ActiveCfg = Release|Any CPU
		{4F3522DF-E6DB-4B69-B1B5-91D42692F3EF}.Release|x86.Build.0 = Release|Any CPU
		{1400D999-1E63-45B3-BA04-E526C48ACF80}.Debug|Any CPU.ActiveCfg = Debug|Any CPU
		{1400D999-1E63-45B3-BA04-E526C48ACF80}.Debug|Any CPU.Build.0 = Debug|Any CPU
		{1400D999-1E63-45B3-BA04-E526C48ACF80}.Debug|x64.ActiveCfg = Debug|Any CPU
		{1400D999-1E63-45B3-BA04-E526C48ACF80}.Debug|x64.Build.0 = Debug|Any CPU
		{1400D999-1E63-45B3-BA04-E526C48ACF80}.Debug|x86.ActiveCfg = Debug|Any CPU
		{1400D999-1E63-45B3-BA04-E526C48ACF80}.Debug|x86.Build.0 = Debug|Any CPU
		{1400D999-1E63-45B3-BA04-E526C48ACF80}.Release|Any CPU.ActiveCfg = Release|Any CPU
		{1400D999-1E63-45B3-BA04-E526C48ACF80}.Release|Any CPU.Build.0 = Release|Any CPU
		{1400D999-1E63-45B3-BA04-E526C48ACF80}.Release|x64.ActiveCfg = Release|Any CPU
		{1400D999-1E63-45B3-BA04-E526C48ACF80}.Release|x64.Build.0 = Release|Any CPU
		{1400D999-1E63-45B3-BA04-E526C48ACF80}.Release|x86.ActiveCfg = Release|Any CPU
		{1400D999-1E63-45B3-BA04-E526C48ACF80}.Release|x86.Build.0 = Release|Any CPU
		{54358FD8-B77D-464A-996A-D1200FA87096}.Debug|Any CPU.ActiveCfg = Debug|Any CPU
		{54358FD8-B77D-464A-996A-D1200FA87096}.Debug|Any CPU.Build.0 = Debug|Any CPU
		{54358FD8-B77D-464A-996A-D1200FA87096}.Debug|x64.ActiveCfg = Debug|Any CPU
		{54358FD8-B77D-464A-996A-D1200FA87096}.Debug|x64.Build.0 = Debug|Any CPU
		{54358FD8-B77D-464A-996A-D1200FA87096}.Debug|x86.ActiveCfg = Debug|Any CPU
		{54358FD8-B77D-464A-996A-D1200FA87096}.Debug|x86.Build.0 = Debug|Any CPU
		{54358FD8-B77D-464A-996A-D1200FA87096}.Release|Any CPU.ActiveCfg = Release|Any CPU
		{54358FD8-B77D-464A-996A-D1200FA87096}.Release|Any CPU.Build.0 = Release|Any CPU
		{54358FD8-B77D-464A-996A-D1200FA87096}.Release|x64.ActiveCfg = Release|Any CPU
		{54358FD8-B77D-464A-996A-D1200FA87096}.Release|x64.Build.0 = Release|Any CPU
		{54358FD8-B77D-464A-996A-D1200FA87096}.Release|x86.ActiveCfg = Release|Any CPU
		{54358FD8-B77D-464A-996A-D1200FA87096}.Release|x86.Build.0 = Release|Any CPU
		{8A6648ED-684D-4D28-ABE6-DBF9E809E4B6}.Debug|Any CPU.ActiveCfg = Debug|Any CPU
		{8A6648ED-684D-4D28-ABE6-DBF9E809E4B6}.Debug|Any CPU.Build.0 = Debug|Any CPU
		{8A6648ED-684D-4D28-ABE6-DBF9E809E4B6}.Debug|x64.ActiveCfg = Debug|Any CPU
		{8A6648ED-684D-4D28-ABE6-DBF9E809E4B6}.Debug|x64.Build.0 = Debug|Any CPU
		{8A6648ED-684D-4D28-ABE6-DBF9E809E4B6}.Debug|x86.ActiveCfg = Debug|Any CPU
		{8A6648ED-684D-4D28-ABE6-DBF9E809E4B6}.Debug|x86.Build.0 = Debug|Any CPU
		{8A6648ED-684D-4D28-ABE6-DBF9E809E4B6}.Release|Any CPU.ActiveCfg = Release|Any CPU
		{8A6648ED-684D-4D28-ABE6-DBF9E809E4B6}.Release|Any CPU.Build.0 = Release|Any CPU
		{8A6648ED-684D-4D28-ABE6-DBF9E809E4B6}.Release|x64.ActiveCfg = Release|Any CPU
		{8A6648ED-684D-4D28-ABE6-DBF9E809E4B6}.Release|x64.Build.0 = Release|Any CPU
		{8A6648ED-684D-4D28-ABE6-DBF9E809E4B6}.Release|x86.ActiveCfg = Release|Any CPU
		{8A6648ED-684D-4D28-ABE6-DBF9E809E4B6}.Release|x86.Build.0 = Release|Any CPU
		{F3023D84-B650-472E-BD0C-C6799D01A1DA}.Debug|Any CPU.ActiveCfg = Debug|Any CPU
		{F3023D84-B650-472E-BD0C-C6799D01A1DA}.Debug|Any CPU.Build.0 = Debug|Any CPU
		{F3023D84-B650-472E-BD0C-C6799D01A1DA}.Debug|x64.ActiveCfg = Debug|Any CPU
		{F3023D84-B650-472E-BD0C-C6799D01A1DA}.Debug|x64.Build.0 = Debug|Any CPU
		{F3023D84-B650-472E-BD0C-C6799D01A1DA}.Debug|x86.ActiveCfg = Debug|Any CPU
		{F3023D84-B650-472E-BD0C-C6799D01A1DA}.Debug|x86.Build.0 = Debug|Any CPU
		{F3023D84-B650-472E-BD0C-C6799D01A1DA}.Release|Any CPU.ActiveCfg = Release|Any CPU
		{F3023D84-B650-472E-BD0C-C6799D01A1DA}.Release|Any CPU.Build.0 = Release|Any CPU
		{F3023D84-B650-472E-BD0C-C6799D01A1DA}.Release|x64.ActiveCfg = Release|Any CPU
		{F3023D84-B650-472E-BD0C-C6799D01A1DA}.Release|x64.Build.0 = Release|Any CPU
		{F3023D84-B650-472E-BD0C-C6799D01A1DA}.Release|x86.ActiveCfg = Release|Any CPU
		{F3023D84-B650-472E-BD0C-C6799D01A1DA}.Release|x86.Build.0 = Release|Any CPU
		{7EE18FCD-BAAA-4B95-8956-D71284820CA5}.Debug|Any CPU.ActiveCfg = Debug|Any CPU
		{7EE18FCD-BAAA-4B95-8956-D71284820CA5}.Debug|Any CPU.Build.0 = Debug|Any CPU
		{7EE18FCD-BAAA-4B95-8956-D71284820CA5}.Debug|x64.ActiveCfg = Debug|Any CPU
		{7EE18FCD-BAAA-4B95-8956-D71284820CA5}.Debug|x64.Build.0 = Debug|Any CPU
		{7EE18FCD-BAAA-4B95-8956-D71284820CA5}.Debug|x86.ActiveCfg = Debug|Any CPU
		{7EE18FCD-BAAA-4B95-8956-D71284820CA5}.Debug|x86.Build.0 = Debug|Any CPU
		{7EE18FCD-BAAA-4B95-8956-D71284820CA5}.Release|Any CPU.ActiveCfg = Release|Any CPU
		{7EE18FCD-BAAA-4B95-8956-D71284820CA5}.Release|Any CPU.Build.0 = Release|Any CPU
		{7EE18FCD-BAAA-4B95-8956-D71284820CA5}.Release|x64.ActiveCfg = Release|Any CPU
		{7EE18FCD-BAAA-4B95-8956-D71284820CA5}.Release|x64.Build.0 = Release|Any CPU
		{7EE18FCD-BAAA-4B95-8956-D71284820CA5}.Release|x86.ActiveCfg = Release|Any CPU
		{7EE18FCD-BAAA-4B95-8956-D71284820CA5}.Release|x86.Build.0 = Release|Any CPU
		{1817482F-2A2A-4F2F-93F1-BD33387DA241}.Debug|Any CPU.ActiveCfg = Debug|Any CPU
		{1817482F-2A2A-4F2F-93F1-BD33387DA241}.Debug|Any CPU.Build.0 = Debug|Any CPU
		{1817482F-2A2A-4F2F-93F1-BD33387DA241}.Debug|x64.ActiveCfg = Debug|Any CPU
		{1817482F-2A2A-4F2F-93F1-BD33387DA241}.Debug|x64.Build.0 = Debug|Any CPU
		{1817482F-2A2A-4F2F-93F1-BD33387DA241}.Debug|x86.ActiveCfg = Debug|Any CPU
		{1817482F-2A2A-4F2F-93F1-BD33387DA241}.Debug|x86.Build.0 = Debug|Any CPU
		{1817482F-2A2A-4F2F-93F1-BD33387DA241}.Release|Any CPU.ActiveCfg = Release|Any CPU
		{1817482F-2A2A-4F2F-93F1-BD33387DA241}.Release|Any CPU.Build.0 = Release|Any CPU
		{1817482F-2A2A-4F2F-93F1-BD33387DA241}.Release|x64.ActiveCfg = Release|Any CPU
		{1817482F-2A2A-4F2F-93F1-BD33387DA241}.Release|x64.Build.0 = Release|Any CPU
		{1817482F-2A2A-4F2F-93F1-BD33387DA241}.Release|x86.ActiveCfg = Release|Any CPU
		{1817482F-2A2A-4F2F-93F1-BD33387DA241}.Release|x86.Build.0 = Release|Any CPU
		{587E632D-7071-4D3D-AB81-667F1B2C1062}.Debug|Any CPU.ActiveCfg = Debug|Any CPU
		{587E632D-7071-4D3D-AB81-667F1B2C1062}.Debug|Any CPU.Build.0 = Debug|Any CPU
		{587E632D-7071-4D3D-AB81-667F1B2C1062}.Debug|x64.ActiveCfg = Debug|Any CPU
		{587E632D-7071-4D3D-AB81-667F1B2C1062}.Debug|x64.Build.0 = Debug|Any CPU
		{587E632D-7071-4D3D-AB81-667F1B2C1062}.Debug|x86.ActiveCfg = Debug|Any CPU
		{587E632D-7071-4D3D-AB81-667F1B2C1062}.Debug|x86.Build.0 = Debug|Any CPU
		{587E632D-7071-4D3D-AB81-667F1B2C1062}.Release|Any CPU.ActiveCfg = Release|Any CPU
		{587E632D-7071-4D3D-AB81-667F1B2C1062}.Release|Any CPU.Build.0 = Release|Any CPU
		{587E632D-7071-4D3D-AB81-667F1B2C1062}.Release|x64.ActiveCfg = Release|Any CPU
		{587E632D-7071-4D3D-AB81-667F1B2C1062}.Release|x64.Build.0 = Release|Any CPU
		{587E632D-7071-4D3D-AB81-667F1B2C1062}.Release|x86.ActiveCfg = Release|Any CPU
		{587E632D-7071-4D3D-AB81-667F1B2C1062}.Release|x86.Build.0 = Release|Any CPU
		{A1279732-EA29-48CD-9B48-5219D8BD55F0}.Debug|Any CPU.ActiveCfg = Debug|Any CPU
		{A1279732-EA29-48CD-9B48-5219D8BD55F0}.Debug|Any CPU.Build.0 = Debug|Any CPU
		{A1279732-EA29-48CD-9B48-5219D8BD55F0}.Debug|x64.ActiveCfg = Debug|Any CPU
		{A1279732-EA29-48CD-9B48-5219D8BD55F0}.Debug|x64.Build.0 = Debug|Any CPU
		{A1279732-EA29-48CD-9B48-5219D8BD55F0}.Debug|x86.ActiveCfg = Debug|Any CPU
		{A1279732-EA29-48CD-9B48-5219D8BD55F0}.Debug|x86.Build.0 = Debug|Any CPU
		{A1279732-EA29-48CD-9B48-5219D8BD55F0}.Release|Any CPU.ActiveCfg = Release|Any CPU
		{A1279732-EA29-48CD-9B48-5219D8BD55F0}.Release|Any CPU.Build.0 = Release|Any CPU
		{A1279732-EA29-48CD-9B48-5219D8BD55F0}.Release|x64.ActiveCfg = Release|Any CPU
		{A1279732-EA29-48CD-9B48-5219D8BD55F0}.Release|x64.Build.0 = Release|Any CPU
		{A1279732-EA29-48CD-9B48-5219D8BD55F0}.Release|x86.ActiveCfg = Release|Any CPU
		{A1279732-EA29-48CD-9B48-5219D8BD55F0}.Release|x86.Build.0 = Release|Any CPU
		{BFD16879-9C00-4CF4-A24D-C6779AED02DD}.Debug|Any CPU.ActiveCfg = Debug|Any CPU
		{BFD16879-9C00-4CF4-A24D-C6779AED02DD}.Debug|Any CPU.Build.0 = Debug|Any CPU
		{BFD16879-9C00-4CF4-A24D-C6779AED02DD}.Debug|x64.ActiveCfg = Debug|Any CPU
		{BFD16879-9C00-4CF4-A24D-C6779AED02DD}.Debug|x64.Build.0 = Debug|Any CPU
		{BFD16879-9C00-4CF4-A24D-C6779AED02DD}.Debug|x86.ActiveCfg = Debug|Any CPU
		{BFD16879-9C00-4CF4-A24D-C6779AED02DD}.Debug|x86.Build.0 = Debug|Any CPU
		{BFD16879-9C00-4CF4-A24D-C6779AED02DD}.Release|Any CPU.ActiveCfg = Release|Any CPU
		{BFD16879-9C00-4CF4-A24D-C6779AED02DD}.Release|Any CPU.Build.0 = Release|Any CPU
		{BFD16879-9C00-4CF4-A24D-C6779AED02DD}.Release|x64.ActiveCfg = Release|Any CPU
		{BFD16879-9C00-4CF4-A24D-C6779AED02DD}.Release|x64.Build.0 = Release|Any CPU
		{BFD16879-9C00-4CF4-A24D-C6779AED02DD}.Release|x86.ActiveCfg = Release|Any CPU
		{BFD16879-9C00-4CF4-A24D-C6779AED02DD}.Release|x86.Build.0 = Release|Any CPU
		{45CC2119-9D53-4C13-B6F9-48A188EE04BA}.Debug|Any CPU.ActiveCfg = Debug|Any CPU
		{45CC2119-9D53-4C13-B6F9-48A188EE04BA}.Debug|Any CPU.Build.0 = Debug|Any CPU
		{45CC2119-9D53-4C13-B6F9-48A188EE04BA}.Debug|x64.ActiveCfg = Debug|Any CPU
		{45CC2119-9D53-4C13-B6F9-48A188EE04BA}.Debug|x64.Build.0 = Debug|Any CPU
		{45CC2119-9D53-4C13-B6F9-48A188EE04BA}.Debug|x86.ActiveCfg = Debug|Any CPU
		{45CC2119-9D53-4C13-B6F9-48A188EE04BA}.Debug|x86.Build.0 = Debug|Any CPU
		{45CC2119-9D53-4C13-B6F9-48A188EE04BA}.Release|Any CPU.ActiveCfg = Release|Any CPU
		{45CC2119-9D53-4C13-B6F9-48A188EE04BA}.Release|Any CPU.Build.0 = Release|Any CPU
		{45CC2119-9D53-4C13-B6F9-48A188EE04BA}.Release|x64.ActiveCfg = Release|Any CPU
		{45CC2119-9D53-4C13-B6F9-48A188EE04BA}.Release|x64.Build.0 = Release|Any CPU
		{45CC2119-9D53-4C13-B6F9-48A188EE04BA}.Release|x86.ActiveCfg = Release|Any CPU
		{45CC2119-9D53-4C13-B6F9-48A188EE04BA}.Release|x86.Build.0 = Release|Any CPU
	EndGlobalSection
	GlobalSection(SolutionProperties) = preSolution
		HideSolutionNode = FALSE
	EndGlobalSection
	GlobalSection(NestedProjects) = preSolution
		{1400D999-1E63-45B3-BA04-E526C48ACF80} = {E7EC4B1E-6AB8-42FE-BC4F-FDA6A6B49CF0}
		{8A6648ED-684D-4D28-ABE6-DBF9E809E4B6} = {E7EC4B1E-6AB8-42FE-BC4F-FDA6A6B49CF0}
		{F3023D84-B650-472E-BD0C-C6799D01A1DA} = {E7EC4B1E-6AB8-42FE-BC4F-FDA6A6B49CF0}
		{1817482F-2A2A-4F2F-93F1-BD33387DA241} = {E7EC4B1E-6AB8-42FE-BC4F-FDA6A6B49CF0}
		{587E632D-7071-4D3D-AB81-667F1B2C1062} = {E7EC4B1E-6AB8-42FE-BC4F-FDA6A6B49CF0}
		{A1279732-EA29-48CD-9B48-5219D8BD55F0} = {E7EC4B1E-6AB8-42FE-BC4F-FDA6A6B49CF0}
		{BFD16879-9C00-4CF4-A24D-C6779AED02DD} = {E7EC4B1E-6AB8-42FE-BC4F-FDA6A6B49CF0}
		{45CC2119-9D53-4C13-B6F9-48A188EE04BA} = {E7EC4B1E-6AB8-42FE-BC4F-FDA6A6B49CF0}
	EndGlobalSection
	GlobalSection(ExtensibilityGlobals) = postSolution
		SolutionGuid = {CC58B9B9-D2EF-4F4B-9FF6-69ED51C44CBF}
	EndGlobalSection
EndGlobal
